// !$*UTF8*$!
{
	archiveVersion = 1;
	classes = {
	};
	objectVersion = 52;
	objects = {

/* Begin PBXBuildFile section */
		20700D01041BE60D6B09F432 /* Pods_Route_Tracker.framework in Frameworks */ = {isa = PBXBuildFile; fileRef = F79568A58399DAB0100A5C20 /* Pods_Route_Tracker.framework */; };
		317AFAC827384DF700285FF4 /* MapViewController.swift in Sources */ = {isa = PBXBuildFile; fileRef = 317AFAC727384DF700285FF4 /* MapViewController.swift */; };
		31BF17312738279300861978 /* AppDelegate.swift in Sources */ = {isa = PBXBuildFile; fileRef = 31BF17302738279300861978 /* AppDelegate.swift */; };
		31BF17332738279300861978 /* SceneDelegate.swift in Sources */ = {isa = PBXBuildFile; fileRef = 31BF17322738279300861978 /* SceneDelegate.swift */; };
		31BF17352738279300861978 /* ViewController.swift in Sources */ = {isa = PBXBuildFile; fileRef = 31BF17342738279300861978 /* ViewController.swift */; };
		31BF17382738279300861978 /* Main.storyboard in Resources */ = {isa = PBXBuildFile; fileRef = 31BF17362738279300861978 /* Main.storyboard */; };
		31BF173A273827B100861978 /* Assets.xcassets in Resources */ = {isa = PBXBuildFile; fileRef = 31BF1739273827B100861978 /* Assets.xcassets */; };
		31BF173D273827B100861978 /* LaunchScreen.storyboard in Resources */ = {isa = PBXBuildFile; fileRef = 31BF173B273827B100861978 /* LaunchScreen.storyboard */; };
		96BC90D9274C1E00007A177D /* Realm in Frameworks */ = {isa = PBXBuildFile; productRef = 96BC90D8274C1E00007A177D /* Realm */; };
		96BC90DB274C1E00007A177D /* RealmSwift in Frameworks */ = {isa = PBXBuildFile; productRef = 96BC90DA274C1E00007A177D /* RealmSwift */; };
		96BC90DD274C1E6D007A177D /* DataModel.swift in Sources */ = {isa = PBXBuildFile; fileRef = 96BC90DC274C1E6D007A177D /* DataModel.swift */; };
/* End PBXBuildFile section */

/* Begin PBXFileReference section */
		2F59780E4D871BFE7778A594 /* Pods-Route Tracker.release.xcconfig */ = {isa = PBXFileReference; includeInIndex = 1; lastKnownFileType = text.xcconfig; name = "Pods-Route Tracker.release.xcconfig"; path = "Target Support Files/Pods-Route Tracker/Pods-Route Tracker.release.xcconfig"; sourceTree = "<group>"; };
		317AFAC727384DF700285FF4 /* MapViewController.swift */ = {isa = PBXFileReference; lastKnownFileType = sourcecode.swift; path = MapViewController.swift; sourceTree = "<group>"; };
		31BF172D2738279300861978 /* Route Tracker.app */ = {isa = PBXFileReference; explicitFileType = wrapper.application; includeInIndex = 0; path = "Route Tracker.app"; sourceTree = BUILT_PRODUCTS_DIR; };
		31BF17302738279300861978 /* AppDelegate.swift */ = {isa = PBXFileReference; lastKnownFileType = sourcecode.swift; path = AppDelegate.swift; sourceTree = "<group>"; };
		31BF17322738279300861978 /* SceneDelegate.swift */ = {isa = PBXFileReference; lastKnownFileType = sourcecode.swift; path = SceneDelegate.swift; sourceTree = "<group>"; };
		31BF17342738279300861978 /* ViewController.swift */ = {isa = PBXFileReference; lastKnownFileType = sourcecode.swift; path = ViewController.swift; sourceTree = "<group>"; };
		31BF17372738279300861978 /* Base */ = {isa = PBXFileReference; lastKnownFileType = file.storyboard; name = Base; path = Base.lproj/Main.storyboard; sourceTree = "<group>"; };
		31BF1739273827B100861978 /* Assets.xcassets */ = {isa = PBXFileReference; lastKnownFileType = folder.assetcatalog; path = Assets.xcassets; sourceTree = "<group>"; };
		31BF173C273827B100861978 /* Base */ = {isa = PBXFileReference; lastKnownFileType = file.storyboard; name = Base; path = Base.lproj/LaunchScreen.storyboard; sourceTree = "<group>"; };
		31BF173E273827B100861978 /* Info.plist */ = {isa = PBXFileReference; lastKnownFileType = text.plist.xml; path = Info.plist; sourceTree = "<group>"; };
		72F8D1330C531486005389E6 /* Pods-Route Tracker.debug.xcconfig */ = {isa = PBXFileReference; includeInIndex = 1; lastKnownFileType = text.xcconfig; name = "Pods-Route Tracker.debug.xcconfig"; path = "Target Support Files/Pods-Route Tracker/Pods-Route Tracker.debug.xcconfig"; sourceTree = "<group>"; };
		96BC90DC274C1E6D007A177D /* DataModel.swift */ = {isa = PBXFileReference; lastKnownFileType = sourcecode.swift; path = DataModel.swift; sourceTree = "<group>"; };
		F79568A58399DAB0100A5C20 /* Pods_Route_Tracker.framework */ = {isa = PBXFileReference; explicitFileType = wrapper.framework; includeInIndex = 0; path = Pods_Route_Tracker.framework; sourceTree = BUILT_PRODUCTS_DIR; };
/* End PBXFileReference section */

/* Begin PBXFrameworksBuildPhase section */
		31BF172A2738279300861978 /* Frameworks */ = {
			isa = PBXFrameworksBuildPhase;
			buildActionMask = 2147483647;
			files = (
				96BC90DB274C1E00007A177D /* RealmSwift in Frameworks */,
				96BC90D9274C1E00007A177D /* Realm in Frameworks */,
				20700D01041BE60D6B09F432 /* Pods_Route_Tracker.framework in Frameworks */,
			);
			runOnlyForDeploymentPostprocessing = 0;
		};
/* End PBXFrameworksBuildPhase section */

/* Begin PBXGroup section */
		31BF17242738279300861978 = {
			isa = PBXGroup;
			children = (
				31BF172F2738279300861978 /* Route Tracker */,
				31BF172E2738279300861978 /* Products */,
				A976656597280D1029D203EB /* Pods */,
				70093693B369A3C4EF64BB01 /* Frameworks */,
			);
			sourceTree = "<group>";
		};
		31BF172E2738279300861978 /* Products */ = {
			isa = PBXGroup;
			children = (
				31BF172D2738279300861978 /* Route Tracker.app */,
			);
			name = Products;
			sourceTree = "<group>";
		};
		31BF172F2738279300861978 /* Route Tracker */ = {
			isa = PBXGroup;
			children = (
				31BF17302738279300861978 /* AppDelegate.swift */,
				31BF17322738279300861978 /* SceneDelegate.swift */,
				31BF17342738279300861978 /* ViewController.swift */,
				31BF17362738279300861978 /* Main.storyboard */,
				31BF1739273827B100861978 /* Assets.xcassets */,
				31BF173B273827B100861978 /* LaunchScreen.storyboard */,
				31BF173E273827B100861978 /* Info.plist */,
				317AFAC727384DF700285FF4 /* MapViewController.swift */,
				96BC90DC274C1E6D007A177D /* DataModel.swift */,
			);
			path = "Route Tracker";
			sourceTree = "<group>";
		};
		70093693B369A3C4EF64BB01 /* Frameworks */ = {
			isa = PBXGroup;
			children = (
				F79568A58399DAB0100A5C20 /* Pods_Route_Tracker.framework */,
			);
			name = Frameworks;
			sourceTree = "<group>";
		};
		A976656597280D1029D203EB /* Pods */ = {
			isa = PBXGroup;
			children = (
				72F8D1330C531486005389E6 /* Pods-Route Tracker.debug.xcconfig */,
				2F59780E4D871BFE7778A594 /* Pods-Route Tracker.release.xcconfig */,
			);
			path = Pods;
			sourceTree = "<group>";
		};
/* End PBXGroup section */

/* Begin PBXNativeTarget section */
		31BF172C2738279300861978 /* Route Tracker */ = {
			isa = PBXNativeTarget;
			buildConfigurationList = 31BF1741273827B100861978 /* Build configuration list for PBXNativeTarget "Route Tracker" */;
			buildPhases = (
				74980FAC956ABB478455A414 /* [CP] Check Pods Manifest.lock */,
				31BF17292738279300861978 /* Sources */,
				31BF172A2738279300861978 /* Frameworks */,
				31BF172B2738279300861978 /* Resources */,
				BD2E6EF3B6C2760B88984CCE /* [CP] Copy Pods Resources */,
			);
			buildRules = (
			);
			dependencies = (
			);
			name = "Route Tracker";
			packageProductDependencies = (
				96BC90D8274C1E00007A177D /* Realm */,
				96BC90DA274C1E00007A177D /* RealmSwift */,
			);
			productName = "Route Tracker";
			productReference = 31BF172D2738279300861978 /* Route Tracker.app */;
			productType = "com.apple.product-type.application";
		};
/* End PBXNativeTarget section */

/* Begin PBXProject section */
		31BF17252738279300861978 /* Project object */ = {
			isa = PBXProject;
			attributes = {
				LastSwiftUpdateCheck = 1240;
				LastUpgradeCheck = 1240;
				TargetAttributes = {
					31BF172C2738279300861978 = {
						CreatedOnToolsVersion = 12.4;
					};
				};
			};
			buildConfigurationList = 31BF17282738279300861978 /* Build configuration list for PBXProject "Route Tracker" */;
			compatibilityVersion = "Xcode 9.3";
			developmentRegion = en;
			hasScannedForEncodings = 0;
			knownRegions = (
				en,
				Base,
			);
			mainGroup = 31BF17242738279300861978;
			packageReferences = (
				96BC90D7274C1E00007A177D /* XCRemoteSwiftPackageReference "realm-cocoa" */,
			);
			productRefGroup = 31BF172E2738279300861978 /* Products */;
			projectDirPath = "";
			projectRoot = "";
			targets = (
				31BF172C2738279300861978 /* Route Tracker */,
			);
		};
/* End PBXProject section */

/* Begin PBXResourcesBuildPhase section */
		31BF172B2738279300861978 /* Resources */ = {
			isa = PBXResourcesBuildPhase;
			buildActionMask = 2147483647;
			files = (
				31BF173D273827B100861978 /* LaunchScreen.storyboard in Resources */,
				31BF173A273827B100861978 /* Assets.xcassets in Resources */,
				31BF17382738279300861978 /* Main.storyboard in Resources */,
			);
			runOnlyForDeploymentPostprocessing = 0;
		};
/* End PBXResourcesBuildPhase section */

/* Begin PBXShellScriptBuildPhase section */
		74980FAC956ABB478455A414 /* [CP] Check Pods Manifest.lock */ = {
			isa = PBXShellScriptBuildPhase;
			buildActionMask = 2147483647;
			files = (
			);
			inputFileListPaths = (
			);
			inputPaths = (
				"${PODS_PODFILE_DIR_PATH}/Podfile.lock",
				"${PODS_ROOT}/Manifest.lock",
			);
			name = "[CP] Check Pods Manifest.lock";
			outputFileListPaths = (
			);
			outputPaths = (
				"$(DERIVED_FILE_DIR)/Pods-Route Tracker-checkManifestLockResult.txt",
			);
			runOnlyForDeploymentPostprocessing = 0;
			shellPath = /bin/sh;
			shellScript = "diff \"${PODS_PODFILE_DIR_PATH}/Podfile.lock\" \"${PODS_ROOT}/Manifest.lock\" > /dev/null\nif [ $? != 0 ] ; then\n    # print error to STDERR\n    echo \"error: The sandbox is not in sync with the Podfile.lock. Run 'pod install' or update your CocoaPods installation.\" >&2\n    exit 1\nfi\n# This output is used by Xcode 'outputs' to avoid re-running this script phase.\necho \"SUCCESS\" > \"${SCRIPT_OUTPUT_FILE_0}\"\n";
			showEnvVarsInLog = 0;
		};
		BD2E6EF3B6C2760B88984CCE /* [CP] Copy Pods Resources */ = {
			isa = PBXShellScriptBuildPhase;
			buildActionMask = 2147483647;
			files = (
			);
			inputFileListPaths = (
				"${PODS_ROOT}/Target Support Files/Pods-Route Tracker/Pods-Route Tracker-resources-${CONFIGURATION}-input-files.xcfilelist",
			);
			name = "[CP] Copy Pods Resources";
			outputFileListPaths = (
				"${PODS_ROOT}/Target Support Files/Pods-Route Tracker/Pods-Route Tracker-resources-${CONFIGURATION}-output-files.xcfilelist",
			);
			runOnlyForDeploymentPostprocessing = 0;
			shellPath = /bin/sh;
			shellScript = "\"${PODS_ROOT}/Target Support Files/Pods-Route Tracker/Pods-Route Tracker-resources.sh\"\n";
			showEnvVarsInLog = 0;
		};
/* End PBXShellScriptBuildPhase section */

/* Begin PBXSourcesBuildPhase section */
		31BF17292738279300861978 /* Sources */ = {
			isa = PBXSourcesBuildPhase;
			buildActionMask = 2147483647;
			files = (
				96BC90DD274C1E6D007A177D /* DataModel.swift in Sources */,
				31BF17352738279300861978 /* ViewController.swift in Sources */,
				31BF17312738279300861978 /* AppDelegate.swift in Sources */,
				31BF17332738279300861978 /* SceneDelegate.swift in Sources */,
				317AFAC827384DF700285FF4 /* MapViewController.swift in Sources */,
			);
			runOnlyForDeploymentPostprocessing = 0;
		};
/* End PBXSourcesBuildPhase section */

/* Begin PBXVariantGroup section */
		31BF17362738279300861978 /* Main.storyboard */ = {
			isa = PBXVariantGroup;
			children = (
				31BF17372738279300861978 /* Base */,
			);
			name = Main.storyboard;
			sourceTree = "<group>";
		};
		31BF173B273827B100861978 /* LaunchScreen.storyboard */ = {
			isa = PBXVariantGroup;
			children = (
				31BF173C273827B100861978 /* Base */,
			);
			name = LaunchScreen.storyboard;
			sourceTree = "<group>";
		};
/* End PBXVariantGroup section */

/* Begin XCBuildConfiguration section */
		31BF173F273827B100861978 /* Debug */ = {
			isa = XCBuildConfiguration;
			buildSettings = {
				ALWAYS_SEARCH_USER_PATHS = NO;
				CLANG_ANALYZER_NONNULL = YES;
				CLANG_ANALYZER_NUMBER_OBJECT_CONVERSION = YES_AGGRESSIVE;
				CLANG_CXX_LANGUAGE_STANDARD = "gnu++14";
				CLANG_CXX_LIBRARY = "libc++";
				CLANG_ENABLE_MODULES = YES;
				CLANG_ENABLE_OBJC_ARC = YES;
				CLANG_ENABLE_OBJC_WEAK = YES;
				CLANG_WARN_BLOCK_CAPTURE_AUTORELEASING = YES;
				CLANG_WARN_BOOL_CONVERSION = YES;
				CLANG_WARN_COMMA = YES;
				CLANG_WARN_CONSTANT_CONVERSION = YES;
				CLANG_WARN_DEPRECATED_OBJC_IMPLEMENTATIONS = YES;
				CLANG_WARN_DIRECT_OBJC_ISA_USAGE = YES_ERROR;
				CLANG_WARN_DOCUMENTATION_COMMENTS = YES;
				CLANG_WARN_EMPTY_BODY = YES;
				CLANG_WARN_ENUM_CONVERSION = YES;
				CLANG_WARN_INFINITE_RECURSION = YES;
				CLANG_WARN_INT_CONVERSION = YES;
				CLANG_WARN_NON_LITERAL_NULL_CONVERSION = YES;
				CLANG_WARN_OBJC_IMPLICIT_RETAIN_SELF = YES;
				CLANG_WARN_OBJC_LITERAL_CONVERSION = YES;
				CLANG_WARN_OBJC_ROOT_CLASS = YES_ERROR;
				CLANG_WARN_QUOTED_INCLUDE_IN_FRAMEWORK_HEADER = YES;
				CLANG_WARN_RANGE_LOOP_ANALYSIS = YES;
				CLANG_WARN_STRICT_PROTOTYPES = YES;
				CLANG_WARN_SUSPICIOUS_MOVE = YES;
				CLANG_WARN_UNGUARDED_AVAILABILITY = YES_AGGRESSIVE;
				CLANG_WARN_UNREACHABLE_CODE = YES;
				CLANG_WARN__DUPLICATE_METHOD_MATCH = YES;
				COPY_PHASE_STRIP = NO;
				DEBUG_INFORMATION_FORMAT = dwarf;
				ENABLE_STRICT_OBJC_MSGSEND = YES;
				ENABLE_TESTABILITY = YES;
				GCC_C_LANGUAGE_STANDARD = gnu11;
				GCC_DYNAMIC_NO_PIC = NO;
				GCC_NO_COMMON_BLOCKS = YES;
				GCC_OPTIMIZATION_LEVEL = 0;
				GCC_PREPROCESSOR_DEFINITIONS = (
					"DEBUG=1",
					"$(inherited)",
				);
				GCC_WARN_64_TO_32_BIT_CONVERSION = YES;
				GCC_WARN_ABOUT_RETURN_TYPE = YES_ERROR;
				GCC_WARN_UNDECLARED_SELECTOR = YES;
				GCC_WARN_UNINITIALIZED_AUTOS = YES_AGGRESSIVE;
				GCC_WARN_UNUSED_FUNCTION = YES;
				GCC_WARN_UNUSED_VARIABLE = YES;
				IPHONEOS_DEPLOYMENT_TARGET = 14.4;
				MTL_ENABLE_DEBUG_INFO = INCLUDE_SOURCE;
				MTL_FAST_MATH = YES;
				ONLY_ACTIVE_ARCH = YES;
				SDKROOT = iphoneos;
				SWIFT_ACTIVE_COMPILATION_CONDITIONS = DEBUG;
				SWIFT_OPTIMIZATION_LEVEL = "-Onone";
			};
			name = Debug;
		};
		31BF1740273827B100861978 /* Release */ = {
			isa = XCBuildConfiguration;
			buildSettings = {
				ALWAYS_SEARCH_USER_PATHS = NO;
				CLANG_ANALYZER_NONNULL = YES;
				CLANG_ANALYZER_NUMBER_OBJECT_CONVERSION = YES_AGGRESSIVE;
				CLANG_CXX_LANGUAGE_STANDARD = "gnu++14";
				CLANG_CXX_LIBRARY = "libc++";
				CLANG_ENABLE_MODULES = YES;
				CLANG_ENABLE_OBJC_ARC = YES;
				CLANG_ENABLE_OBJC_WEAK = YES;
				CLANG_WARN_BLOCK_CAPTURE_AUTORELEASING = YES;
				CLANG_WARN_BOOL_CONVERSION = YES;
				CLANG_WARN_COMMA = YES;
				CLANG_WARN_CONSTANT_CONVERSION = YES;
				CLANG_WARN_DEPRECATED_OBJC_IMPLEMENTATIONS = YES;
				CLANG_WARN_DIRECT_OBJC_ISA_USAGE = YES_ERROR;
				CLANG_WARN_DOCUMENTATION_COMMENTS = YES;
				CLANG_WARN_EMPTY_BODY = YES;
				CLANG_WARN_ENUM_CONVERSION = YES;
				CLANG_WARN_INFINITE_RECURSION = YES;
				CLANG_WARN_INT_CONVERSION = YES;
				CLANG_WARN_NON_LITERAL_NULL_CONVERSION = YES;
				CLANG_WARN_OBJC_IMPLICIT_RETAIN_SELF = YES;
				CLANG_WARN_OBJC_LITERAL_CONVERSION = YES;
				CLANG_WARN_OBJC_ROOT_CLASS = YES_ERROR;
				CLANG_WARN_QUOTED_INCLUDE_IN_FRAMEWORK_HEADER = YES;
				CLANG_WARN_RANGE_LOOP_ANALYSIS = YES;
				CLANG_WARN_STRICT_PROTOTYPES = YES;
				CLANG_WARN_SUSPICIOUS_MOVE = YES;
				CLANG_WARN_UNGUARDED_AVAILABILITY = YES_AGGRESSIVE;
				CLANG_WARN_UNREACHABLE_CODE = YES;
				CLANG_WARN__DUPLICATE_METHOD_MATCH = YES;
				COPY_PHASE_STRIP = NO;
				DEBUG_INFORMATION_FORMAT = "dwarf-with-dsym";
				ENABLE_NS_ASSERTIONS = NO;
				ENABLE_STRICT_OBJC_MSGSEND = YES;
				GCC_C_LANGUAGE_STANDARD = gnu11;
				GCC_NO_COMMON_BLOCKS = YES;
				GCC_WARN_64_TO_32_BIT_CONVERSION = YES;
				GCC_WARN_ABOUT_RETURN_TYPE = YES_ERROR;
				GCC_WARN_UNDECLARED_SELECTOR = YES;
				GCC_WARN_UNINITIALIZED_AUTOS = YES_AGGRESSIVE;
				GCC_WARN_UNUSED_FUNCTION = YES;
				GCC_WARN_UNUSED_VARIABLE = YES;
				IPHONEOS_DEPLOYMENT_TARGET = 14.4;
				MTL_ENABLE_DEBUG_INFO = NO;
				MTL_FAST_MATH = YES;
				SDKROOT = iphoneos;
				SWIFT_COMPILATION_MODE = wholemodule;
				SWIFT_OPTIMIZATION_LEVEL = "-O";
				VALIDATE_PRODUCT = YES;
			};
			name = Release;
		};
		31BF1742273827B100861978 /* Debug */ = {
			isa = XCBuildConfiguration;
			baseConfigurationReference = 72F8D1330C531486005389E6 /* Pods-Route Tracker.debug.xcconfig */;
			buildSettings = {
				ASSETCATALOG_COMPILER_APPICON_NAME = AppIcon;
				ASSETCATALOG_COMPILER_GLOBAL_ACCENT_COLOR_NAME = AccentColor;
				CODE_SIGN_STYLE = Automatic;
				DEVELOPMENT_TEAM = VX7VT84T29;
				INFOPLIST_FILE = "Route Tracker/Info.plist";
				LD_RUNPATH_SEARCH_PATHS = (
					"$(inherited)",
					"@executable_path/Frameworks",
				);
				PRODUCT_BUNDLE_IDENTIFIER = "test.Route-Tracker";
				PRODUCT_NAME = "$(TARGET_NAME)";
				SWIFT_VERSION = 5.0;
				TARGETED_DEVICE_FAMILY = "1,2";
			};
			name = Debug;
		};
		31BF1743273827B100861978 /* Release */ = {
			isa = XCBuildConfiguration;
			baseConfigurationReference = 2F59780E4D871BFE7778A594 /* Pods-Route Tracker.release.xcconfig */;
			buildSettings = {
				ASSETCATALOG_COMPILER_APPICON_NAME = AppIcon;
				ASSETCATALOG_COMPILER_GLOBAL_ACCENT_COLOR_NAME = AccentColor;
				CODE_SIGN_STYLE = Automatic;
				DEVELOPMENT_TEAM = VX7VT84T29;
				INFOPLIST_FILE = "Route Tracker/Info.plist";
				LD_RUNPATH_SEARCH_PATHS = (
					"$(inherited)",
					"@executable_path/Frameworks",
				);
				ONLY_ACTIVE_ARCH = YES;
				PRODUCT_BUNDLE_IDENTIFIER = "test.Route-Tracker";
				PRODUCT_NAME = "$(TARGET_NAME)";
				SWIFT_VERSION = 5.0;
				TARGETED_DEVICE_FAMILY = "1,2";
			};
			name = Release;
		};
/* End XCBuildConfiguration section */

/* Begin XCConfigurationList section */
		31BF17282738279300861978 /* Build configuration list for PBXProject "Route Tracker" */ = {
			isa = XCConfigurationList;
			buildConfigurations = (
				31BF173F273827B100861978 /* Debug */,
				31BF1740273827B100861978 /* Release */,
			);
			defaultConfigurationIsVisible = 0;
			defaultConfigurationName = Release;
		};
		31BF1741273827B100861978 /* Build configuration list for PBXNativeTarget "Route Tracker" */ = {
			isa = XCConfigurationList;
			buildConfigurations = (
				31BF1742273827B100861978 /* Debug */,
				31BF1743273827B100861978 /* Release */,
			);
			defaultConfigurationIsVisible = 0;
			defaultConfigurationName = Release;
		};
/* End XCConfigurationList section */

/* Begin XCRemoteSwiftPackageReference section */
		96BC90D7274C1E00007A177D /* XCRemoteSwiftPackageReference "realm-cocoa" */ = {
			isa = XCRemoteSwiftPackageReference;
			repositoryURL = "https://github.com/realm/realm-cocoa.git";
			requirement = {
				kind = upToNextMajorVersion;
				minimumVersion = 5.0.0;
			};
		};
/* End XCRemoteSwiftPackageReference section */

/* Begin XCSwiftPackageProductDependency section */
		96BC90D8274C1E00007A177D /* Realm */ = {
			isa = XCSwiftPackageProductDependency;
			package = 96BC90D7274C1E00007A177D /* XCRemoteSwiftPackageReference "realm-cocoa" */;
			productName = Realm;
		};
		96BC90DA274C1E00007A177D /* RealmSwift */ = {
			isa = XCSwiftPackageProductDependency;
			package = 96BC90D7274C1E00007A177D /* XCRemoteSwiftPackageReference "realm-cocoa" */;
			productName = RealmSwift;
		};
/* End XCSwiftPackageProductDependency section */
	};
	rootObject = 31BF17252738279300861978 /* Project object */;
}
